
Microsoft Visual Studio Solution File, Format Version 12.00
# Visual Studio Version 17
VisualStudioVersion = 17.14.36623.8
MinimumVisualStudioVersion = 10.0.40219.1
Project("{FAE04EC0-301F-11D3-BF4B-00C04F79EFBC}") = "CSTS", "WebApplication1\CSTS.csproj", "{B5FCDAAE-A54A-4A13-91A4-37E7377A07C0}"
EndProject
Global
	GlobalSection(SolutionConfigurationPlatforms) = preSolution
		Debug|Any CPU = Debug|Any CPU
		Release|Any CPU = Release|Any CPU
	EndGlobalSection
	GlobalSection(ProjectConfigurationPlatforms) = postSolution
		{B5FCDAAE-A54A-4A13-91A4-37E7377A07C0}.Debug|Any CPU.ActiveCfg = Debug|Any CPU
		{B5FCDAAE-A54A-4A13-91A4-37E7377A07C0}.Debug|Any CPU.Build.0 = Debug|Any CPU
		{B5FCDAAE-A54A-4A13-91A4-37E7377A07C0}.Release|Any CPU.ActiveCfg = Release|Any CPU
		{B5FCDAAE-A54A-4A13-91A4-37E7377A07C0}.Release|Any CPU.Build.0 = Release|Any CPU
	EndGlobalSection
	GlobalSection(SolutionProperties) = preSolution
		HideSolutionNode = FALSE
	EndGlobalSection
	GlobalSection(ExtensibilityGlobals) = postSolution
		SolutionGuid = {CBA3CF72-AB84-47E1-845E-82C5A4790EF5}
	EndGlobalSection
EndGlobal
